
Microsoft Visual Studio Solution File, Format Version 12.00
# Visual Studio Version 17
VisualStudioVersion = 17.13.35825.156
MinimumVisualStudioVersion = 10.0.40219.1
Project("{FAE04EC0-301F-11D3-BF4B-00C04F79EFBC}") = "Skap", "Skap.csproj", "{3D100F5E-5F84-4F63-8AE2-74D703CD4D01}"
EndProject
Global
	GlobalSection(SolutionConfigurationPlatforms) = preSolution
		Debug|Any CPU = Debug|Any CPU
		Release|Any CPU = Release|Any CPU
	EndGlobalSection
	GlobalSection(ProjectConfigurationPlatforms) = postSolution
		{3D100F5E-5F84-4F63-8AE2-74D703CD4D01}.Debug|Any CPU.ActiveCfg = Debug|Any CPU
		{3D100F5E-5F84-4F63-8AE2-74D703CD4D01}.Debug|Any CPU.Build.0 = Debug|Any CPU
		{3D100F5E-5F84-4F63-8AE2-74D703CD4D01}.Release|Any CPU.ActiveCfg = Release|Any CPU
		{3D100F5E-5F84-4F63-8AE2-74D703CD4D01}.Release|Any CPU.Build.0 = Release|Any CPU
	EndGlobalSection
	GlobalSection(SolutionProperties) = preSolution
		HideSolutionNode = FALSE
	EndGlobalSection
	GlobalSection(ExtensibilityGlobals) = postSolution
		SolutionGuid = {EDCA1C7A-38C8-418E-B4E6-6147C1004456}
	EndGlobalSection
EndGlobal
